
Microsoft Visual Studio Solution File, Format Version 12.00
# Visual Studio Version 17
VisualStudioVersion = 17.4.33110.190
MinimumVisualStudioVersion = 10.0.40219.1
Project("{FAE04EC0-301F-11D3-BF4B-00C04F79EFBC}") = "Mapbox.Razor", "Mapbox.Razor.csproj", "{C604CC85-1176-4389-AAB8-E0F6C718CEC3}"
EndProject
Global
	GlobalSection(SolutionConfigurationPlatforms) = preSolution
		Debug|Any CPU = Debug|Any CPU
		Release|Any CPU = Release|Any CPU
	EndGlobalSection
	GlobalSection(ProjectConfigurationPlatforms) = postSolution
		{C604CC85-1176-4389-AAB8-E0F6C718CEC3}.Debug|Any CPU.ActiveCfg = Debug|Any CPU
		{C604CC85-1176-4389-AAB8-E0F6C718CEC3}.Debug|Any CPU.Build.0 = Debug|Any CPU
		{C604CC85-1176-4389-AAB8-E0F6C718CEC3}.Release|Any CPU.ActiveCfg = Release|Any CPU
		{C604CC85-1176-4389-AAB8-E0F6C718CEC3}.Release|Any CPU.Build.0 = Release|Any CPU
	EndGlobalSection
	GlobalSection(SolutionProperties) = preSolution
		HideSolutionNode = FALSE
	EndGlobalSection
	GlobalSection(ExtensibilityGlobals) = postSolution
		SolutionGuid = {58BF0CF5-2438-4F3B-984E-F80A800CBAA5}
	EndGlobalSection
EndGlobal
